
Microsoft Visual Studio Solution File, Format Version 12.00
# Visual Studio 2013
VisualStudioVersion = 12.0.21005.1
MinimumVisualStudioVersion = 10.0.40219.1
Project("{FAE04EC0-301F-11D3-BF4B-00C04F79EFBC}") = "01.FillMatrixOfGivenSize", "01.FillMatrixOfGivenSize\01.FillMatrixOfGivenSize.csproj", "{DBEF7843-95DD-4660-B603-1A4F08077B44}"
EndProject
Project("{FAE04EC0-301F-11D3-BF4B-00C04F79EFBC}") = "02.FindMaximal3x3SquareSumInMatrix", "02.FindMaximal3x3SquareSumInMatrix\02.FindMaximal3x3SquareSumInMatrix.csproj", "{761ED734-6BBC-4954-B5B9-F4BB5F1ECD17}"
EndProject
Project("{FAE04EC0-301F-11D3-BF4B-00C04F79EFBC}") = "03.LongestSequenceOfEqualStrings", "03.LongestSequenceOfEqualStrings\03.LongestSequenceOfEqualStrings.csproj", "{6FA1B259-7ECD-4A01-87FB-79F214ADE57E}"
EndProject
Project("{FAE04EC0-301F-11D3-BF4B-00C04F79EFBC}") = "04.UsingBinSearchToFindLargestElement", "04.UsingBinSearchToFindLargestElement\04.UsingBinSearchToFindLargestElement.csproj", "{92A07497-EA21-484B-AC89-24957876B2DE}"
EndProject
Project("{FAE04EC0-301F-11D3-BF4B-00C04F79EFBC}") = "05.SortArrayOfStringsByLength", "05.SortArrayOfStringsByLength\05.SortArrayOfStringsByLength.csproj", "{831C9788-308A-477C-8921-6F290EEE2F62}"
EndProject
Project("{FAE04EC0-301F-11D3-BF4B-00C04F79EFBC}") = "06.ClassMatrixExercise", "06.ClassMatrixExercise\06.ClassMatrixExercise.csproj", "{2C2762F9-01AA-4446-B855-6FC209228E33}"
EndProject
Global
	GlobalSection(SolutionConfigurationPlatforms) = preSolution
		Debug|Any CPU = Debug|Any CPU
		Release|Any CPU = Release|Any CPU
	EndGlobalSection
	GlobalSection(ProjectConfigurationPlatforms) = postSolution
		{DBEF7843-95DD-4660-B603-1A4F08077B44}.Debug|Any CPU.ActiveCfg = Debug|Any CPU
		{DBEF7843-95DD-4660-B603-1A4F08077B44}.Debug|Any CPU.Build.0 = Debug|Any CPU
		{DBEF7843-95DD-4660-B603-1A4F08077B44}.Release|Any CPU.ActiveCfg = Release|Any CPU
		{DBEF7843-95DD-4660-B603-1A4F08077B44}.Release|Any CPU.Build.0 = Release|Any CPU
		{761ED734-6BBC-4954-B5B9-F4BB5F1ECD17}.Debug|Any CPU.ActiveCfg = Debug|Any CPU
		{761ED734-6BBC-4954-B5B9-F4BB5F1ECD17}.Debug|Any CPU.Build.0 = Debug|Any CPU
		{761ED734-6BBC-4954-B5B9-F4BB5F1ECD17}.Release|Any CPU.ActiveCfg = Release|Any CPU
		{761ED734-6BBC-4954-B5B9-F4BB5F1ECD17}.Release|Any CPU.Build.0 = Release|Any CPU
		{6FA1B259-7ECD-4A01-87FB-79F214ADE57E}.Debug|Any CPU.ActiveCfg = Debug|Any CPU
		{6FA1B259-7ECD-4A01-87FB-79F214ADE57E}.Debug|Any CPU.Build.0 = Debug|Any CPU
		{6FA1B259-7ECD-4A01-87FB-79F214ADE57E}.Release|Any CPU.ActiveCfg = Release|Any CPU
		{6FA1B259-7ECD-4A01-87FB-79F214ADE57E}.Release|Any CPU.Build.0 = Release|Any CPU
		{92A07497-EA21-484B-AC89-24957876B2DE}.Debug|Any CPU.ActiveCfg = Debug|Any CPU
		{92A07497-EA21-484B-AC89-24957876B2DE}.Debug|Any CPU.Build.0 = Debug|Any CPU
		{92A07497-EA21-484B-AC89-24957876B2DE}.Release|Any CPU.ActiveCfg = Release|Any CPU
		{92A07497-EA21-484B-AC89-24957876B2DE}.Release|Any CPU.Build.0 = Release|Any CPU
		{831C9788-308A-477C-8921-6F290EEE2F62}.Debug|Any CPU.ActiveCfg = Debug|Any CPU
		{831C9788-308A-477C-8921-6F290EEE2F62}.Debug|Any CPU.Build.0 = Debug|Any CPU
		{831C9788-308A-477C-8921-6F290EEE2F62}.Release|Any CPU.ActiveCfg = Release|Any CPU
		{831C9788-308A-477C-8921-6F290EEE2F62}.Release|Any CPU.Build.0 = Release|Any CPU
		{2C2762F9-01AA-4446-B855-6FC209228E33}.Debug|Any CPU.ActiveCfg = Debug|Any CPU
		{2C2762F9-01AA-4446-B855-6FC209228E33}.Debug|Any CPU.Build.0 = Debug|Any CPU
		{2C2762F9-01AA-4446-B855-6FC209228E33}.Release|Any CPU.ActiveCfg = Release|Any CPU
		{2C2762F9-01AA-4446-B855-6FC209228E33}.Release|Any CPU.Build.0 = Release|Any CPU
	EndGlobalSection
	GlobalSection(SolutionProperties) = preSolution
		HideSolutionNode = FALSE
	EndGlobalSection
EndGlobal
